version: 6
environments:
  default:
    channels:
    - url: https://conda.anaconda.org/conda-forge/
    packages:
      linux-64:
      - conda: https://conda.anaconda.org/conda-forge/linux-64/_libgcc_mutex-0.1-conda_forge.tar.bz2
      - conda: https://conda.anaconda.org/conda-forge/linux-64/_openmp_mutex-4.5-2_gnu.tar.bz2
      - conda: https://conda.anaconda.org/conda-forge/linux-64/ca-certificates-2025.1.31-hbcca054_0.conda
      - conda: https://conda.anaconda.org/conda-forge/linux-64/icu-75.1-he02047a_0.conda
      - conda: https://conda.anaconda.org/conda-forge/linux-64/libgcc-14.2.0-h767d61c_2.conda
      - conda: https://conda.anaconda.org/conda-forge/linux-64/libgcc-ng-14.2.0-h69a702a_2.conda
      - conda: https://conda.anaconda.org/conda-forge/linux-64/libgomp-14.2.0-h767d61c_2.conda
      - conda: https://conda.anaconda.org/conda-forge/linux-64/libstdcxx-14.2.0-h8f9b012_2.conda
      - conda: https://conda.anaconda.org/conda-forge/linux-64/libstdcxx-ng-14.2.0-h4852527_2.conda
      - conda: https://conda.anaconda.org/conda-forge/linux-64/libuv-1.50.0-hb9d3cd8_0.conda
      - conda: https://conda.anaconda.org/conda-forge/linux-64/libzlib-1.3.1-hb9d3cd8_2.conda
      - conda: https://conda.anaconda.org/conda-forge/linux-64/nodejs-22.12.0-hf235a45_0.conda
      - conda: https://conda.anaconda.org/conda-forge/linux-64/openssl-3.4.1-h7b32b05_0.conda
      - conda: https://conda.anaconda.org/conda-forge/linux-64/pnpm-10.5.2-h6417eb3_0.conda
      - conda: https://conda.anaconda.org/conda-forge/linux-64/zlib-1.3.1-hb9d3cd8_2.conda
      linux-aarch64:
      - conda: https://conda.anaconda.org/conda-forge/linux-aarch64/_openmp_mutex-4.5-2_gnu.tar.bz2
      - conda: https://conda.anaconda.org/conda-forge/linux-aarch64/ca-certificates-2025.1.31-hcefe29a_0.conda
      - conda: https://conda.anaconda.org/conda-forge/linux-aarch64/icu-75.1-hf9b3779_0.conda
      - conda: https://conda.anaconda.org/conda-forge/linux-aarch64/libgcc-14.2.0-he277a41_2.conda
      - conda: https://conda.anaconda.org/conda-forge/linux-aarch64/libgcc-ng-14.2.0-he9431aa_2.conda
      - conda: https://conda.anaconda.org/conda-forge/linux-aarch64/libgomp-14.2.0-he277a41_2.conda
      - conda: https://conda.anaconda.org/conda-forge/linux-aarch64/libstdcxx-14.2.0-h3f4de04_2.conda
      - conda: https://conda.anaconda.org/conda-forge/linux-aarch64/libstdcxx-ng-14.2.0-hf1166c9_2.conda
      - conda: https://conda.anaconda.org/conda-forge/linux-aarch64/libuv-1.50.0-h86ecc28_0.conda
      - conda: https://conda.anaconda.org/conda-forge/linux-aarch64/libzlib-1.3.1-h86ecc28_2.conda
      - conda: https://conda.anaconda.org/conda-forge/linux-aarch64/nodejs-22.13.0-h8374285_0.conda
      - conda: https://conda.anaconda.org/conda-forge/linux-aarch64/openssl-3.4.1-hd08dc88_0.conda
      - conda: https://conda.anaconda.org/conda-forge/linux-aarch64/pnpm-10.5.2-hbf5023e_0.conda
      - conda: https://conda.anaconda.org/conda-forge/linux-aarch64/zlib-1.3.1-h86ecc28_2.conda
      osx-arm64:
      - conda: https://conda.anaconda.org/conda-forge/osx-arm64/ca-certificates-2025.1.31-hf0a4a13_0.conda
      - conda: https://conda.anaconda.org/conda-forge/osx-arm64/icu-75.1-hfee45f7_0.conda
      - conda: https://conda.anaconda.org/conda-forge/osx-arm64/libcxx-19.1.7-ha82da77_0.conda
      - conda: https://conda.anaconda.org/conda-forge/osx-arm64/libuv-1.50.0-h5505292_0.conda
      - conda: https://conda.anaconda.org/conda-forge/osx-arm64/libzlib-1.3.1-h8359307_2.conda
      - conda: https://conda.anaconda.org/conda-forge/osx-arm64/nodejs-22.13.0-h02a13b7_0.conda
      - conda: https://conda.anaconda.org/conda-forge/osx-arm64/openssl-3.4.1-h81ee809_0.conda
      - conda: https://conda.anaconda.org/conda-forge/osx-arm64/pnpm-10.5.2-h7c8fa8f_0.conda
      - conda: https://conda.anaconda.org/conda-forge/osx-arm64/zlib-1.3.1-h8359307_2.conda
packages:
- conda: https://conda.anaconda.org/conda-forge/linux-64/_libgcc_mutex-0.1-conda_forge.tar.bz2
  sha256: fe51de6107f9edc7aa4f786a70f4a883943bc9d39b3bb7307c04c41410990726
  md5: d7c89558ba9fa0495403155b64376d81
  arch: x86_64
  platform: linux
  license: None
  size: 2562
  timestamp: 1578324546067
- conda: https://conda.anaconda.org/conda-forge/linux-64/_openmp_mutex-4.5-2_gnu.tar.bz2
  build_number: 16
  sha256: fbe2c5e56a653bebb982eda4876a9178aedfc2b545f25d0ce9c4c0b508253d22
  md5: 73aaf86a425cc6e73fcf236a5a46396d
  depends:
  - _libgcc_mutex 0.1 conda_forge
  - libgomp >=7.5.0
  constrains:
  - openmp_impl 9999
  arch: x86_64
  platform: linux
  license: BSD-3-Clause
  license_family: BSD
  size: 23621
  timestamp: 1650670423406
- conda: https://conda.anaconda.org/conda-forge/linux-aarch64/_openmp_mutex-4.5-2_gnu.tar.bz2
  build_number: 16
  sha256: 3702bef2f0a4d38bd8288bbe54aace623602a1343c2cfbefd3fa188e015bebf0
  md5: 6168d71addc746e8f2b8d57dfd2edcea
  depends:
  - libgomp >=7.5.0
  constrains:
  - openmp_impl 9999
  arch: aarch64
  platform: linux
  license: BSD-3-Clause
  license_family: BSD
  size: 23712
  timestamp: 1650670790230
- conda: https://conda.anaconda.org/conda-forge/linux-64/ca-certificates-2025.1.31-hbcca054_0.conda
  sha256: bf832198976d559ab44d6cdb315642655547e26d826e34da67cbee6624cda189
  md5: 19f3a56f68d2fd06c516076bff482c52
  arch: x86_64
  platform: linux
  license: ISC
  size: 158144
  timestamp: 1738298224464
- conda: https://conda.anaconda.org/conda-forge/linux-aarch64/ca-certificates-2025.1.31-hcefe29a_0.conda
  sha256: 66c6408ee461593cfdb2d78d82e6ed74d04a04ccb51df3ef8a5f35148c9c6eec
  md5: 462cb166cd2e26a396f856510a3aff67
  arch: aarch64
  platform: linux
  license: ISC
  size: 158290
  timestamp: 1738299057652
- conda: https://conda.anaconda.org/conda-forge/osx-arm64/ca-certificates-2025.1.31-hf0a4a13_0.conda
  sha256: 7e12816618173fe70f5c638b72adf4bfd4ddabf27794369bb17871c5bb75b9f9
  md5: 3569d6a9141adc64d2fe4797f3289e06
  arch: arm64
  platform: osx
  license: ISC
  size: 158425
  timestamp: 1738298167688
- conda: https://conda.anaconda.org/conda-forge/linux-64/icu-75.1-he02047a_0.conda
  sha256: 71e750d509f5fa3421087ba88ef9a7b9be11c53174af3aa4d06aff4c18b38e8e
  md5: 8b189310083baabfb622af68fd9d3ae3
  depends:
  - __glibc >=2.17,<3.0.a0
  - libgcc-ng >=12
  - libstdcxx-ng >=12
  arch: x86_64
  platform: linux
  license: MIT
  license_family: MIT
  size: 12129203
  timestamp: 1720853576813
- conda: https://conda.anaconda.org/conda-forge/linux-aarch64/icu-75.1-hf9b3779_0.conda
  sha256: 813298f2e54ef087dbfc9cc2e56e08ded41de65cff34c639cc8ba4e27e4540c9
  md5: 268203e8b983fddb6412b36f2024e75c
  depends:
  - libgcc-ng >=12
  - libstdcxx-ng >=12
  arch: aarch64
  platform: linux
  license: MIT
  license_family: MIT
  size: 12282786
  timestamp: 1720853454991
- conda: https://conda.anaconda.org/conda-forge/osx-arm64/icu-75.1-hfee45f7_0.conda
  sha256: 9ba12c93406f3df5ab0a43db8a4b4ef67a5871dfd401010fbe29b218b2cbe620
  md5: 5eb22c1d7b3fc4abb50d92d621583137
  depends:
  - __osx >=11.0
  arch: arm64
  platform: osx
  license: MIT
  license_family: MIT
  size: 11857802
  timestamp: 1720853997952
- conda: https://conda.anaconda.org/conda-forge/osx-arm64/libcxx-19.1.7-ha82da77_0.conda
  sha256: 776092346da87a2a23502e14d91eb0c32699c4a1522b7331537bd1c3751dcff5
  md5: 5b3e1610ff8bd5443476b91d618f5b77
  depends:
  - __osx >=11.0
  arch: arm64
  platform: osx
  license: Apache-2.0 WITH LLVM-exception
  license_family: Apache
  size: 523505
  timestamp: 1736877862502
- conda: https://conda.anaconda.org/conda-forge/linux-64/libgcc-14.2.0-h767d61c_2.conda
  sha256: 3a572d031cb86deb541d15c1875aaa097baefc0c580b54dc61f5edab99215792
  md5: ef504d1acbd74b7cc6849ef8af47dd03
  depends:
  - __glibc >=2.17,<3.0.a0
  - _openmp_mutex >=4.5
  constrains:
  - libgomp 14.2.0 h767d61c_2
  - libgcc-ng ==14.2.0=*_2
  arch: x86_64
  platform: linux
  license: GPL-3.0-only WITH GCC-exception-3.1
  license_family: GPL
  size: 847885
  timestamp: 1740240653082
- conda: https://conda.anaconda.org/conda-forge/linux-aarch64/libgcc-14.2.0-he277a41_2.conda
  sha256: a57f7f9ba2a12f56eafdcd25b6d75f7be10b8fc1a802a58b76a77ca8c66f4503
  md5: 6b4268a60b10f29257b51b9b67ff8d76
  depends:
  - _openmp_mutex >=4.5
  constrains:
  - libgcc-ng ==14.2.0=*_2
  - libgomp 14.2.0 he277a41_2
  arch: aarch64
  platform: linux
  license: GPL-3.0-only WITH GCC-exception-3.1
  license_family: GPL
  size: 535507
  timestamp: 1740241069780
- conda: https://conda.anaconda.org/conda-forge/linux-64/libgcc-ng-14.2.0-h69a702a_2.conda
  sha256: fb7558c328b38b2f9d2e412c48da7890e7721ba018d733ebdfea57280df01904
  md5: a2222a6ada71fb478682efe483ce0f92
  depends:
  - libgcc 14.2.0 h767d61c_2
  arch: x86_64
  platform: linux
  license: GPL-3.0-only WITH GCC-exception-3.1
  license_family: GPL
  size: 53758
  timestamp: 1740240660904
- conda: https://conda.anaconda.org/conda-forge/linux-aarch64/libgcc-ng-14.2.0-he9431aa_2.conda
  sha256: 9647f75cddc18b07eebe6e1f21500eed50a6af2c43c84e831b4c7a597e10d226
  md5: 692c2bb75f32cfafb6799cf6d1c5d0e0
  depends:
  - libgcc 14.2.0 he277a41_2
  arch: aarch64
  platform: linux
  license: GPL-3.0-only WITH GCC-exception-3.1
  license_family: GPL
  size: 53622
  timestamp: 1740241074834
- conda: https://conda.anaconda.org/conda-forge/linux-64/libgomp-14.2.0-h767d61c_2.conda
  sha256: 1a3130e0b9267e781b89399580f3163632d59fe5b0142900d63052ab1a53490e
  md5: 06d02030237f4d5b3d9a7e7d348fe3c6
  depends:
  - __glibc >=2.17,<3.0.a0
  arch: x86_64
  platform: linux
  license: GPL-3.0-only WITH GCC-exception-3.1
  license_family: GPL
  size: 459862
  timestamp: 1740240588123
- conda: https://conda.anaconda.org/conda-forge/linux-aarch64/libgomp-14.2.0-he277a41_2.conda
  sha256: 4e303711fb7413bf98995beac58e731073099d7a669a3b81e49330ca8da05174
  md5: b11c09d9463daf4cae492d29806b1889
  arch: aarch64
  platform: linux
  license: GPL-3.0-only WITH GCC-exception-3.1
  license_family: GPL
  size: 462783
  timestamp: 1740241005079
- conda: https://conda.anaconda.org/conda-forge/linux-64/libstdcxx-14.2.0-h8f9b012_2.conda
  sha256: 8f5bd92e4a24e1d35ba015c5252e8f818898478cb3bc50bd8b12ab54707dc4da
  md5: a78c856b6dc6bf4ea8daeb9beaaa3fb0
  depends:
  - __glibc >=2.17,<3.0.a0
  - libgcc 14.2.0 h767d61c_2
  arch: x86_64
  platform: linux
  license: GPL-3.0-only WITH GCC-exception-3.1
  license_family: GPL
  size: 3884556
  timestamp: 1740240685253
- conda: https://conda.anaconda.org/conda-forge/linux-aarch64/libstdcxx-14.2.0-h3f4de04_2.conda
  sha256: c30a74bc996013907f6d9f344da007c26d98ef9a0831151cd50aece3125c45d5
  md5: eadee2cda99697e29411c1013c187b92
  depends:
  - libgcc 14.2.0 he277a41_2
  arch: aarch64
  platform: linux
  license: GPL-3.0-only WITH GCC-exception-3.1
  license_family: GPL
  size: 3810779
  timestamp: 1740241094774
- conda: https://conda.anaconda.org/conda-forge/linux-64/libstdcxx-ng-14.2.0-h4852527_2.conda
  sha256: e86f38b007cf97cc2c67cd519f2de12a313c4ee3f5ef11652ad08932a5e34189
  md5: c75da67f045c2627f59e6fcb5f4e3a9b
  depends:
  - libstdcxx 14.2.0 h8f9b012_2
  arch: x86_64
  platform: linux
  license: GPL-3.0-only WITH GCC-exception-3.1
  license_family: GPL
  size: 53830
  timestamp: 1740240722530
- conda: https://conda.anaconda.org/conda-forge/linux-aarch64/libstdcxx-ng-14.2.0-hf1166c9_2.conda
  sha256: 0107886ead6f255956d8e520f8dff260f9ab3d0d51512f18c52710c406e4b2df
  md5: c934c1fddad582fcc385b608eb06a70c
  depends:
  - libstdcxx 14.2.0 h3f4de04_2
  arch: aarch64
  platform: linux
  license: GPL-3.0-only WITH GCC-exception-3.1
  license_family: GPL
  size: 53715
  timestamp: 1740241126343
- conda: https://conda.anaconda.org/conda-forge/linux-64/libuv-1.50.0-hb9d3cd8_0.conda
  sha256: b4a8890023902aef9f1f33e3e35603ad9c2f16c21fdb58e968fa6c1bd3e94c0b
  md5: 771ee65e13bc599b0b62af5359d80169
  depends:
  - __glibc >=2.17,<3.0.a0
  - libgcc >=13
  arch: x86_64
  platform: linux
  license: MIT
  license_family: MIT
  size: 891272
  timestamp: 1737016632446
- conda: https://conda.anaconda.org/conda-forge/linux-aarch64/libuv-1.50.0-h86ecc28_0.conda
  sha256: 67914c7f171d343059144d804c2f17fcd621a94e45f179a0fd843b8c1618823e
  md5: 915db044076cbbdffb425170deb4ce38
  depends:
  - libgcc >=13
  arch: aarch64
  platform: linux
  license: MIT
  license_family: MIT
  size: 621056
  timestamp: 1737016626950
- conda: https://conda.anaconda.org/conda-forge/osx-arm64/libuv-1.50.0-h5505292_0.conda
  sha256: d13fb49d4c8262bf2c44ffb2c77bb2b5d0f85fc6de76bdb75208efeccb29fce6
  md5: 20717343fb30798ab7c23c2e92b748c1
  depends:
  - __osx >=11.0
  arch: arm64
  platform: osx
  license: MIT
  license_family: MIT
  size: 418890
  timestamp: 1737016751326
- conda: https://conda.anaconda.org/conda-forge/linux-64/libzlib-1.3.1-hb9d3cd8_2.conda
  sha256: d4bfe88d7cb447768e31650f06257995601f89076080e76df55e3112d4e47dc4
  md5: edb0dca6bc32e4f4789199455a1dbeb8
  depends:
  - __glibc >=2.17,<3.0.a0
  - libgcc >=13
  constrains:
  - zlib 1.3.1 *_2
  arch: x86_64
  platform: linux
  license: Zlib
  license_family: Other
  size: 60963
  timestamp: 1727963148474
- conda: https://conda.anaconda.org/conda-forge/linux-aarch64/libzlib-1.3.1-h86ecc28_2.conda
  sha256: 5a2c1eeef69342e88a98d1d95bff1603727ab1ff4ee0e421522acd8813439b84
  md5: 08aad7cbe9f5a6b460d0976076b6ae64
  depends:
  - libgcc >=13
  constrains:
  - zlib 1.3.1 *_2
  arch: aarch64
  platform: linux
  license: Zlib
  license_family: Other
  size: 66657
  timestamp: 1727963199518
- conda: https://conda.anaconda.org/conda-forge/osx-arm64/libzlib-1.3.1-h8359307_2.conda
  sha256: ce34669eadaba351cd54910743e6a2261b67009624dbc7daeeafdef93616711b
  md5: 369964e85dc26bfe78f41399b366c435
  depends:
  - __osx >=11.0
  constrains:
  - zlib 1.3.1 *_2
  arch: arm64
  platform: osx
  license: Zlib
  license_family: Other
  size: 46438
  timestamp: 1727963202283
- conda: https://conda.anaconda.org/conda-forge/linux-64/nodejs-22.12.0-hf235a45_0.conda
  sha256: 1a519b80bc3d5afddeccb593711df2e60ac48ecf3e903f7bdc279f64f7210fc4
  md5: 30458a23bf5568d2bc0e1fed6a4e2b12
  depends:
  - __glibc >=2.28,<3.0.a0
  - icu >=75.1,<76.0a0
  - libgcc >=13
  - libstdcxx >=13
  - libuv >=1.49.2,<2.0a0
  - libzlib >=1.3.1,<2.0a0
  - openssl >=3.4.0,<4.0a0
  - zlib
  arch: x86_64
  platform: linux
  license: MIT
  license_family: MIT
  size: 21796933
  timestamp: 1734113054756
- conda: https://conda.anaconda.org/conda-forge/linux-aarch64/nodejs-22.13.0-h8374285_0.conda
  sha256: 7878e84a0162041c7c45814832f1635ea0b4454481af619a20a3be291744c032
  md5: 3a81ef0e4e847685774c35bbf42598e2
  depends:
  - __glibc >=2.28,<3.0.a0
  - icu >=75.1,<76.0a0
  - libgcc >=13
  - libstdcxx >=13
  - libuv >=1.50.0,<2.0a0
  - libzlib >=1.3.1,<2.0a0
  - openssl >=3.4.0,<4.0a0
  - zlib
  arch: aarch64
  platform: linux
  license: MIT
  license_family: MIT
  size: 22156450
  timestamp: 1737394666729
- conda: https://conda.anaconda.org/conda-forge/osx-arm64/nodejs-22.13.0-h02a13b7_0.conda
  sha256: d390651526630468e385a74474bb3f17849861182257c161bbca8fca7734d578
  md5: 93cd91b998422ebf2dace6c13c1842ce
  depends:
  - __osx >=11.0
  - icu >=75.1,<76.0a0
  - libcxx >=18
  - libuv >=1.50.0,<2.0a0
  - libzlib >=1.3.1,<2.0a0
  - openssl >=3.4.0,<4.0a0
  - zlib
  arch: arm64
  platform: osx
  license: MIT
  license_family: MIT
  size: 15490642
  timestamp: 1737401388520
- conda: https://conda.anaconda.org/conda-forge/linux-64/openssl-3.4.1-h7b32b05_0.conda
  sha256: cbf62df3c79a5c2d113247ddea5658e9ff3697b6e741c210656e239ecaf1768f
  md5: 41adf927e746dc75ecf0ef841c454e48
  depends:
  - __glibc >=2.17,<3.0.a0
  - ca-certificates
  - libgcc >=13
  arch: x86_64
  platform: linux
  license: Apache-2.0
  license_family: Apache
  size: 2939306
  timestamp: 1739301879343
- conda: https://conda.anaconda.org/conda-forge/linux-aarch64/openssl-3.4.1-hd08dc88_0.conda
  sha256: d80b52b56b2206053968270069616868cbeb289ef855cf1584b1bb0fef61b37c
  md5: 09036190605c57eaecf01218e0e9542d
  depends:
  - ca-certificates
  - libgcc >=13
  arch: aarch64
  platform: linux
  license: Apache-2.0
  license_family: Apache
  size: 3476570
  timestamp: 1739303256089
- conda: https://conda.anaconda.org/conda-forge/osx-arm64/openssl-3.4.1-h81ee809_0.conda
  sha256: 4f8e2389e1b711b44182a075516d02c80fa7a3a7e25a71ff1b5ace9eae57a17a
  md5: 75f9f0c7b1740017e2db83a53ab9a28e
  depends:
  - __osx >=11.0
  - ca-certificates
  arch: arm64
  platform: osx
  license: Apache-2.0
  license_family: Apache
  size: 2934522
  timestamp: 1739301896733
- conda: https://conda.anaconda.org/conda-forge/linux-64/pnpm-10.5.2-h6417eb3_0.conda
  sha256: 70a07b275cb6caac9aa3d3ec005e2bcc8c0e595d5f9e7ae041e5d32b413ef419
  md5: 7860f239ea691deadab2b812bb6708de
  depends:
  - __glibc >=2.17,<3.0.a0
  - libgcc >=13
  - libstdcxx >=13
  - nodejs >=22.12.0,<23.0a0
  arch: x86_64
  platform: linux
  license: MIT
  license_family: MIT
  size: 3406432
  timestamp: 1740669295560
- conda: https://conda.anaconda.org/conda-forge/linux-aarch64/pnpm-10.5.2-hbf5023e_0.conda
  sha256: 581b3f6306df85895add6a1548c4ac7a75ec54b70da987a0ddcb86ffd0a05e2c
  md5: e2404356dc38eb43b8108f6bc4f046b3
  depends:
  - libgcc >=13
  - libstdcxx >=13
  - nodejs >=22.13.0,<23.0a0
  arch: aarch64
  platform: linux
  license: MIT
  license_family: MIT
  size: 3403257
  timestamp: 1740669287499
- conda: https://conda.anaconda.org/conda-forge/osx-arm64/pnpm-10.5.2-h7c8fa8f_0.conda
  sha256: 8a670aced0a35b2f80f2d446be31dd4d1a010ba66ebe7a987ef9d1089111dafe
  md5: f6b8770ac1e6bf752d7b361e75083c2b
  depends:
  - __osx >=11.0
  - libcxx >=18
  - nodejs >=22.13.0,<23.0a0
  arch: arm64
  platform: osx
  license: MIT
  license_family: MIT
  size: 3379417
  timestamp: 1740669409842
- conda: https://conda.anaconda.org/conda-forge/linux-64/zlib-1.3.1-hb9d3cd8_2.conda
  sha256: 5d7c0e5f0005f74112a34a7425179f4eb6e73c92f5d109e6af4ddeca407c92ab
  md5: c9f075ab2f33b3bbee9e62d4ad0a6cd8
  depends:
  - __glibc >=2.17,<3.0.a0
  - libgcc >=13
  - libzlib 1.3.1 hb9d3cd8_2
  arch: x86_64
  platform: linux
  license: Zlib
  license_family: Other
  size: 92286
  timestamp: 1727963153079
- conda: https://conda.anaconda.org/conda-forge/linux-aarch64/zlib-1.3.1-h86ecc28_2.conda
  sha256: b4f649aa3ecdae384d5dad7074e198bff120edd3dfb816588e31738fc6d627b1
  md5: bc230abb5d21b63ff4799b0e75204783
  depends:
  - libgcc >=13
  - libzlib 1.3.1 h86ecc28_2
  arch: aarch64
  platform: linux
  license: Zlib
  license_family: Other
  size: 95582
  timestamp: 1727963203597
- conda: https://conda.anaconda.org/conda-forge/osx-arm64/zlib-1.3.1-h8359307_2.conda
  sha256: 58f8860756680a4831c1bf4f294e2354d187f2e999791d53b1941834c4b37430
  md5: e3170d898ca6cb48f1bb567afb92f775
  depends:
  - __osx >=11.0
  - libzlib 1.3.1 h8359307_2
  arch: arm64
  platform: osx
  license: Zlib
  license_family: Other
  size: 77606
  timestamp: 1727963209370
